schema: '2.0'
stages:
  data_ingestion:
    cmd: python experiments/src/data_ingestion.py
    deps:
    - path: experiments/src/data_ingestion.py
      hash: md5
      md5: 96cf6fe2a8269ee9fa814118a6b94dbc
      size: 3538
    params:
      params.yaml:
        data_ingestion.test_size: 0.3
    outs:
    - path: data/raw
      hash: md5
      md5: 6c14fc5d4581715d0c084959eeff4b01.dir
      size: 479272
      nfiles: 2
  data_preprocessing:
    cmd: python experiments/src/data_preprocessing.py
    deps:
    - path: data/raw
      hash: md5
      md5: 6c14fc5d4581715d0c084959eeff4b01.dir
      size: 479272
      nfiles: 2
    - path: experiments/src/data_preprocessing.py
      hash: md5
      md5: 158130fa3ada2ed96ada460b539d42e9
      size: 3864
    outs:
    - path: data/interim
      hash: md5
      md5: 91d80631b72bc88148c9f0c49789af70.dir
      size: 257220
      nfiles: 2
  feature_engineering:
    cmd: python experiments/src/feature_engineering.py
    deps:
    - path: data/interim
      hash: md5
      md5: 91d80631b72bc88148c9f0c49789af70.dir
      size: 257220
      nfiles: 2
    - path: experiments/src/feature_engineering.py
      hash: md5
      md5: 55c838f8b9b24bdf96f0bf4a576fbf73
      size: 3798
    params:
      params.yaml:
        feature_engineering.max_features: 30
    outs:
    - path: data/processed
      hash: md5
      md5: 853012cb89f3ec0fabc686a098346094.dir
      size: 718042
      nfiles: 2
  model_building:
    cmd: python experiments/src/model_building.py
    deps:
    - path: data/processed
      hash: md5
      md5: 853012cb89f3ec0fabc686a098346094.dir
      size: 718042
      nfiles: 2
    - path: experiments/src/model_building.py
      hash: md5
      md5: a415c81a95e4448429dc368852d6a823
      size: 4288
    params:
      params.yaml:
        model_building.n_estimators: 30
        model_building.random_state: 45
    outs:
    - path: models/model.pkl
      hash: md5
      md5: a17dc6782dbe28ae05c28302506d57a0
      size: 760566
  model_evaluation:
    cmd: python experiments/src/model_evaluation.py
    deps:
    - path: experiments/src/model_evaluation.py
      hash: md5
      md5: efb1de9838f57b0e50862992a47805df
      size: 4502
    - path: models/model.pkl
      hash: md5
      md5: a17dc6782dbe28ae05c28302506d57a0
      size: 760566
    outs:
    - path: reports/metrics.json
      hash: md5
      md5: ff70e28c33670dbd9fc6722ab6096610
      size: 140
